// !$*UTF8*$!
{
	archiveVersion = 1;
	classes = {
	};
	objectVersion = 56;
	objects = {

/* Begin PBXBuildFile section */
		3302CE2129ECB35A007A5225 /* PhotosViewController.swift in Sources */ = {isa = PBXBuildFile; fileRef = 3302CE2029ECB35A007A5225 /* PhotosViewController.swift */; };
		330373CD29B3BD7F00C65FA4 /* AppDelegate.swift in Sources */ = {isa = PBXBuildFile; fileRef = 330373CC29B3BD7F00C65FA4 /* AppDelegate.swift */; };
		330373CF29B3BD7F00C65FA4 /* SceneDelegate.swift in Sources */ = {isa = PBXBuildFile; fileRef = 330373CE29B3BD7F00C65FA4 /* SceneDelegate.swift */; };
		330373D629B3BD8000C65FA4 /* Assets.xcassets in Resources */ = {isa = PBXBuildFile; fileRef = 330373D529B3BD8000C65FA4 /* Assets.xcassets */; };
		330373D929B3BD8000C65FA4 /* LaunchScreen.storyboard in Resources */ = {isa = PBXBuildFile; fileRef = 330373D729B3BD8000C65FA4 /* LaunchScreen.storyboard */; };
		330373E429B3C78000C65FA4 /* FeedViewController.swift in Sources */ = {isa = PBXBuildFile; fileRef = 330373E329B3C78000C65FA4 /* FeedViewController.swift */; };
		330373E829B3C7A800C65FA4 /* PostViewController.swift in Sources */ = {isa = PBXBuildFile; fileRef = 330373E729B3C7A800C65FA4 /* PostViewController.swift */; };
		3304C5E92A0A2B2500D0E71F /* Checker.swift in Sources */ = {isa = PBXBuildFile; fileRef = 3304C5E82A0A2B2500D0E71F /* Checker.swift */; };
		3323942F2A374D9400A4A94A /* LoginViewModel.swift in Sources */ = {isa = PBXBuildFile; fileRef = 3323942E2A374D9400A4A94A /* LoginViewModel.swift */; };
		3324CC6229D8544A00B10223 /* LogInViewController.swift in Sources */ = {isa = PBXBuildFile; fileRef = 3324CC6129D8544A00B10223 /* LogInViewController.swift */; };
		332C9CD82A24FEEE00D19D13 /* ProfileViewModel.swift in Sources */ = {isa = PBXBuildFile; fileRef = 332C9CD72A24FEEE00D19D13 /* ProfileViewModel.swift */; };
		332D7F022A1663D400F40F20 /* iOSIntPackage in Frameworks */ = {isa = PBXBuildFile; productRef = 332D7F012A1663D400F40F20 /* iOSIntPackage */; };
		332F64EB2A3B46AE00A82783 /* NetworkManager.swift in Sources */ = {isa = PBXBuildFile; fileRef = 332F64EA2A3B46AE00A82783 /* NetworkManager.swift */; };
		333326242A0B8D1B00D03258 /* LoginInspector.swift in Sources */ = {isa = PBXBuildFile; fileRef = 333326232A0B8D1B00D03258 /* LoginInspector.swift */; };
		3336B9B029DF069F00C705CF /* PostTableViewCell.swift in Sources */ = {isa = PBXBuildFile; fileRef = 3336B9AF29DF069F00C705CF /* PostTableViewCell.swift */; };
		333CAF212A1BEB1000D0EF5D /* CustomButton.swift in Sources */ = {isa = PBXBuildFile; fileRef = 333CAF202A1BEB1000D0EF5D /* CustomButton.swift */; };
		3342EB422A042C1200ED7BE3 /* SnapKit in Frameworks */ = {isa = PBXBuildFile; productRef = 3342EB412A042C1200ED7BE3 /* SnapKit */; };
		3342EB442A042C4700ED7BE3 /* User.swift in Sources */ = {isa = PBXBuildFile; fileRef = 3342EB432A042C4700ED7BE3 /* User.swift */; };
		33473B2A29E725BF000A5D89 /* PhotosCollectionViewCell.swift in Sources */ = {isa = PBXBuildFile; fileRef = 33473B2929E725BF000A5D89 /* PhotosCollectionViewCell.swift */; };
		335C0B4029ED5B5F004E3FBA /* Photo.swift in Sources */ = {isa = PBXBuildFile; fileRef = 335C0B3F29ED5B5F004E3FBA /* Photo.swift */; };
		335C0B4229ED8DCA004E3FBA /* Constants.swift in Sources */ = {isa = PBXBuildFile; fileRef = 335C0B4129ED8DCA004E3FBA /* Constants.swift */; };
		335DD3AD2A32170E00CFD5E8 /* Coordinatable.swift in Sources */ = {isa = PBXBuildFile; fileRef = 335DD3AC2A32170E00CFD5E8 /* Coordinatable.swift */; };
		335DD3AF2A32174600CFD5E8 /* RootCoordinator.swift in Sources */ = {isa = PBXBuildFile; fileRef = 335DD3AE2A32174600CFD5E8 /* RootCoordinator.swift */; };
		335DD3B12A322AC600CFD5E8 /* AppFactory.swift in Sources */ = {isa = PBXBuildFile; fileRef = 335DD3B02A322AC600CFD5E8 /* AppFactory.swift */; };
		335DD3B32A322EA500CFD5E8 /* FeedCoordinator.swift in Sources */ = {isa = PBXBuildFile; fileRef = 335DD3B22A322EA500CFD5E8 /* FeedCoordinator.swift */; };
		335DD3B52A32350500CFD5E8 /* Module.swift in Sources */ = {isa = PBXBuildFile; fileRef = 335DD3B42A32350500CFD5E8 /* Module.swift */; };
		335DD3B72A32435400CFD5E8 /* AppTabBarController.swift in Sources */ = {isa = PBXBuildFile; fileRef = 335DD3B62A32435400CFD5E8 /* AppTabBarController.swift */; };
		335DD3B92A324C3200CFD5E8 /* ProfileCoordinator.swift in Sources */ = {isa = PBXBuildFile; fileRef = 335DD3B82A324C3200CFD5E8 /* ProfileCoordinator.swift */; };
		3364052229E59402001BF0D4 /* PhotosTableViewCell.swift in Sources */ = {isa = PBXBuildFile; fileRef = 3364052129E59402001BF0D4 /* PhotosTableViewCell.swift */; };
		3364052429E59B9B001BF0D4 /* PhotoImageView.swift in Sources */ = {isa = PBXBuildFile; fileRef = 3364052329E59B9B001BF0D4 /* PhotoImageView.swift */; };
		336838A32A14D006001D1F34 /* LoginFactory.swift in Sources */ = {isa = PBXBuildFile; fileRef = 336838A22A14D006001D1F34 /* LoginFactory.swift */; };
		336E7A8C29BA2E2800A61E27 /* ProfileHeaderView.swift in Sources */ = {isa = PBXBuildFile; fileRef = 336E7A8B29BA2E2800A61E27 /* ProfileHeaderView.swift */; };
		336E7A8E29BA306700A61E27 /* ProfileViewController.swift in Sources */ = {isa = PBXBuildFile; fileRef = 336E7A8D29BA306700A61E27 /* ProfileViewController.swift */; };
		3399DF562A20F3030079E26E /* FeedModel.swift in Sources */ = {isa = PBXBuildFile; fileRef = 3399DF552A20F3030079E26E /* FeedModel.swift */; };
		33AF924E29F422E6006FDDB1 /* StorageService.h in Headers */ = {isa = PBXBuildFile; fileRef = 33AF924D29F422E6006FDDB1 /* StorageService.h */; settings = {ATTRIBUTES = (Public, ); }; };
		33AF925129F422E6006FDDB1 /* StorageService.framework in Frameworks */ = {isa = PBXBuildFile; fileRef = 33AF924B29F422E6006FDDB1 /* StorageService.framework */; };
		33AF925329F422E6006FDDB1 /* StorageService.framework in Embed Frameworks */ = {isa = PBXBuildFile; fileRef = 33AF924B29F422E6006FDDB1 /* StorageService.framework */; settings = {ATTRIBUTES = (CodeSignOnCopy, RemoveHeadersOnCopy, ); }; };
		33AF925729F422FF006FDDB1 /* Post.swift in Sources */ = {isa = PBXBuildFile; fileRef = 33DCF28129B75CFA00E8A280 /* Post.swift */; };
		33B0799629C0D57100C1D22E /* cat.jpg in Resources */ = {isa = PBXBuildFile; fileRef = 33B0799529C0D57100C1D22E /* cat.jpg */; };
		33B0799829C0E90C00C1D22E /* Extensions.swift in Sources */ = {isa = PBXBuildFile; fileRef = 33B0799729C0E90C00C1D22E /* Extensions.swift */; };
		33DCF28429B761B500E8A280 /* InfoViewController.swift in Sources */ = {isa = PBXBuildFile; fileRef = 33DCF28329B761B500E8A280 /* InfoViewController.swift */; };
/* End PBXBuildFile section */

/* Begin PBXContainerItemProxy section */
		33AF924F29F422E6006FDDB1 /* PBXContainerItemProxy */ = {
			isa = PBXContainerItemProxy;
			containerPortal = 330373C129B3BD7F00C65FA4 /* Project object */;
			proxyType = 1;
			remoteGlobalIDString = 33AF924A29F422E6006FDDB1;
			remoteInfo = StorageService;
		};
/* End PBXContainerItemProxy section */

/* Begin PBXCopyFilesBuildPhase section */
		33AF925229F422E6006FDDB1 /* Embed Frameworks */ = {
			isa = PBXCopyFilesBuildPhase;
			buildActionMask = 2147483647;
			dstPath = "";
			dstSubfolderSpec = 10;
			files = (
				33AF925329F422E6006FDDB1 /* StorageService.framework in Embed Frameworks */,
			);
			name = "Embed Frameworks";
			runOnlyForDeploymentPostprocessing = 0;
		};
/* End PBXCopyFilesBuildPhase section */

/* Begin PBXFileReference section */
		3302CE2029ECB35A007A5225 /* PhotosViewController.swift */ = {isa = PBXFileReference; lastKnownFileType = sourcecode.swift; path = PhotosViewController.swift; sourceTree = "<group>"; };
		330373C929B3BD7F00C65FA4 /* Navigation.app */ = {isa = PBXFileReference; explicitFileType = wrapper.application; includeInIndex = 0; path = Navigation.app; sourceTree = BUILT_PRODUCTS_DIR; };
		330373CC29B3BD7F00C65FA4 /* AppDelegate.swift */ = {isa = PBXFileReference; lastKnownFileType = sourcecode.swift; path = AppDelegate.swift; sourceTree = "<group>"; };
		330373CE29B3BD7F00C65FA4 /* SceneDelegate.swift */ = {isa = PBXFileReference; lastKnownFileType = sourcecode.swift; path = SceneDelegate.swift; sourceTree = "<group>"; };
		330373D529B3BD8000C65FA4 /* Assets.xcassets */ = {isa = PBXFileReference; lastKnownFileType = folder.assetcatalog; path = Assets.xcassets; sourceTree = "<group>"; };
		330373D829B3BD8000C65FA4 /* Base */ = {isa = PBXFileReference; lastKnownFileType = file.storyboard; name = Base; path = Base.lproj/LaunchScreen.storyboard; sourceTree = "<group>"; };
		330373DA29B3BD8000C65FA4 /* Info.plist */ = {isa = PBXFileReference; lastKnownFileType = text.plist.xml; path = Info.plist; sourceTree = "<group>"; };
		330373E329B3C78000C65FA4 /* FeedViewController.swift */ = {isa = PBXFileReference; lastKnownFileType = sourcecode.swift; path = FeedViewController.swift; sourceTree = "<group>"; };
		330373E729B3C7A800C65FA4 /* PostViewController.swift */ = {isa = PBXFileReference; lastKnownFileType = sourcecode.swift; path = PostViewController.swift; sourceTree = "<group>"; };
		3304C5E82A0A2B2500D0E71F /* Checker.swift */ = {isa = PBXFileReference; lastKnownFileType = sourcecode.swift; path = Checker.swift; sourceTree = "<group>"; };
		3323942E2A374D9400A4A94A /* LoginViewModel.swift */ = {isa = PBXFileReference; lastKnownFileType = sourcecode.swift; path = LoginViewModel.swift; sourceTree = "<group>"; };
		3324CC6129D8544A00B10223 /* LogInViewController.swift */ = {isa = PBXFileReference; lastKnownFileType = sourcecode.swift; path = LogInViewController.swift; sourceTree = "<group>"; };
		332C9CD72A24FEEE00D19D13 /* ProfileViewModel.swift */ = {isa = PBXFileReference; lastKnownFileType = sourcecode.swift; path = ProfileViewModel.swift; sourceTree = "<group>"; };
		332F64EA2A3B46AE00A82783 /* NetworkManager.swift */ = {isa = PBXFileReference; lastKnownFileType = sourcecode.swift; path = NetworkManager.swift; sourceTree = "<group>"; };
		333326232A0B8D1B00D03258 /* LoginInspector.swift */ = {isa = PBXFileReference; lastKnownFileType = sourcecode.swift; path = LoginInspector.swift; sourceTree = "<group>"; };
		3336B9AF29DF069F00C705CF /* PostTableViewCell.swift */ = {isa = PBXFileReference; lastKnownFileType = sourcecode.swift; path = PostTableViewCell.swift; sourceTree = "<group>"; };
		333CAF202A1BEB1000D0EF5D /* CustomButton.swift */ = {isa = PBXFileReference; lastKnownFileType = sourcecode.swift; path = CustomButton.swift; sourceTree = "<group>"; };
		3342EB432A042C4700ED7BE3 /* User.swift */ = {isa = PBXFileReference; lastKnownFileType = sourcecode.swift; path = User.swift; sourceTree = "<group>"; };
		33473B2929E725BF000A5D89 /* PhotosCollectionViewCell.swift */ = {isa = PBXFileReference; lastKnownFileType = sourcecode.swift; path = PhotosCollectionViewCell.swift; sourceTree = "<group>"; };
		335C0B3F29ED5B5F004E3FBA /* Photo.swift */ = {isa = PBXFileReference; lastKnownFileType = sourcecode.swift; path = Photo.swift; sourceTree = "<group>"; };
		335C0B4129ED8DCA004E3FBA /* Constants.swift */ = {isa = PBXFileReference; lastKnownFileType = sourcecode.swift; path = Constants.swift; sourceTree = "<group>"; };
		335DD3AC2A32170E00CFD5E8 /* Coordinatable.swift */ = {isa = PBXFileReference; lastKnownFileType = sourcecode.swift; path = Coordinatable.swift; sourceTree = "<group>"; };
		335DD3AE2A32174600CFD5E8 /* RootCoordinator.swift */ = {isa = PBXFileReference; lastKnownFileType = sourcecode.swift; path = RootCoordinator.swift; sourceTree = "<group>"; };
		335DD3B02A322AC600CFD5E8 /* AppFactory.swift */ = {isa = PBXFileReference; lastKnownFileType = sourcecode.swift; path = AppFactory.swift; sourceTree = "<group>"; };
		335DD3B22A322EA500CFD5E8 /* FeedCoordinator.swift */ = {isa = PBXFileReference; lastKnownFileType = sourcecode.swift; path = FeedCoordinator.swift; sourceTree = "<group>"; };
		335DD3B42A32350500CFD5E8 /* Module.swift */ = {isa = PBXFileReference; lastKnownFileType = sourcecode.swift; path = Module.swift; sourceTree = "<group>"; };
		335DD3B62A32435400CFD5E8 /* AppTabBarController.swift */ = {isa = PBXFileReference; lastKnownFileType = sourcecode.swift; path = AppTabBarController.swift; sourceTree = "<group>"; };
		335DD3B82A324C3200CFD5E8 /* ProfileCoordinator.swift */ = {isa = PBXFileReference; lastKnownFileType = sourcecode.swift; path = ProfileCoordinator.swift; sourceTree = "<group>"; };
		3364052129E59402001BF0D4 /* PhotosTableViewCell.swift */ = {isa = PBXFileReference; lastKnownFileType = sourcecode.swift; path = PhotosTableViewCell.swift; sourceTree = "<group>"; };
		3364052329E59B9B001BF0D4 /* PhotoImageView.swift */ = {isa = PBXFileReference; lastKnownFileType = sourcecode.swift; path = PhotoImageView.swift; sourceTree = "<group>"; };
		336838A22A14D006001D1F34 /* LoginFactory.swift */ = {isa = PBXFileReference; lastKnownFileType = sourcecode.swift; path = LoginFactory.swift; sourceTree = "<group>"; };
		336E7A8B29BA2E2800A61E27 /* ProfileHeaderView.swift */ = {isa = PBXFileReference; lastKnownFileType = sourcecode.swift; path = ProfileHeaderView.swift; sourceTree = "<group>"; };
		336E7A8D29BA306700A61E27 /* ProfileViewController.swift */ = {isa = PBXFileReference; lastKnownFileType = sourcecode.swift; path = ProfileViewController.swift; sourceTree = "<group>"; };
		3399DF552A20F3030079E26E /* FeedModel.swift */ = {isa = PBXFileReference; lastKnownFileType = sourcecode.swift; path = FeedModel.swift; sourceTree = "<group>"; };
		33AF924B29F422E6006FDDB1 /* StorageService.framework */ = {isa = PBXFileReference; explicitFileType = wrapper.framework; includeInIndex = 0; path = StorageService.framework; sourceTree = BUILT_PRODUCTS_DIR; };
		33AF924D29F422E6006FDDB1 /* StorageService.h */ = {isa = PBXFileReference; lastKnownFileType = sourcecode.c.h; path = StorageService.h; sourceTree = "<group>"; };
		33B0799529C0D57100C1D22E /* cat.jpg */ = {isa = PBXFileReference; lastKnownFileType = image.jpeg; path = cat.jpg; sourceTree = "<group>"; };
		33B0799729C0E90C00C1D22E /* Extensions.swift */ = {isa = PBXFileReference; lastKnownFileType = sourcecode.swift; path = Extensions.swift; sourceTree = "<group>"; };
		33DCF28129B75CFA00E8A280 /* Post.swift */ = {isa = PBXFileReference; lastKnownFileType = sourcecode.swift; path = Post.swift; sourceTree = "<group>"; };
		33DCF28329B761B500E8A280 /* InfoViewController.swift */ = {isa = PBXFileReference; lastKnownFileType = sourcecode.swift; path = InfoViewController.swift; sourceTree = "<group>"; };
/* End PBXFileReference section */

/* Begin PBXFrameworksBuildPhase section */
		330373C629B3BD7F00C65FA4 /* Frameworks */ = {
			isa = PBXFrameworksBuildPhase;
			buildActionMask = 2147483647;
			files = (
				332D7F022A1663D400F40F20 /* iOSIntPackage in Frameworks */,
				3342EB422A042C1200ED7BE3 /* SnapKit in Frameworks */,
				33AF925129F422E6006FDDB1 /* StorageService.framework in Frameworks */,
			);
			runOnlyForDeploymentPostprocessing = 0;
		};
		33AF924829F422E6006FDDB1 /* Frameworks */ = {
			isa = PBXFrameworksBuildPhase;
			buildActionMask = 2147483647;
			files = (
			);
			runOnlyForDeploymentPostprocessing = 0;
		};
/* End PBXFrameworksBuildPhase section */

/* Begin PBXGroup section */
		330373C029B3BD7F00C65FA4 = {
			isa = PBXGroup;
			children = (
				330373CB29B3BD7F00C65FA4 /* Navigation */,
				33AF924C29F422E6006FDDB1 /* StorageService */,
				330373CA29B3BD7F00C65FA4 /* Products */,
				ECCB7178B77B2371C188056F /* Pods */,
			);
			sourceTree = "<group>";
		};
		330373CA29B3BD7F00C65FA4 /* Products */ = {
			isa = PBXGroup;
			children = (
				330373C929B3BD7F00C65FA4 /* Navigation.app */,
				33AF924B29F422E6006FDDB1 /* StorageService.framework */,
			);
			name = Products;
			sourceTree = "<group>";
		};
		330373CB29B3BD7F00C65FA4 /* Navigation */ = {
			isa = PBXGroup;
			children = (
				332F64E92A3B469F00A82783 /* Managers */,
				335DD3AB2A3216FE00CFD5E8 /* Coordinators */,
				336E7A8A29BA2E1900A61E27 /* Profile */,
				33DCF28029B75CF100E8A280 /* Model */,
				33DCF27F29B75CD000E8A280 /* Views */,
				330373E029B3C6D800C65FA4 /* Controllers */,
				330373CC29B3BD7F00C65FA4 /* AppDelegate.swift */,
				33B0799729C0E90C00C1D22E /* Extensions.swift */,
				330373CE29B3BD7F00C65FA4 /* SceneDelegate.swift */,
				330373D529B3BD8000C65FA4 /* Assets.xcassets */,
				33B0799529C0D57100C1D22E /* cat.jpg */,
				330373DA29B3BD8000C65FA4 /* Info.plist */,
			);
			path = Navigation;
			sourceTree = "<group>";
		};
		330373E029B3C6D800C65FA4 /* Controllers */ = {
			isa = PBXGroup;
			children = (
				330373E329B3C78000C65FA4 /* FeedViewController.swift */,
				330373E729B3C7A800C65FA4 /* PostViewController.swift */,
				33DCF28329B761B500E8A280 /* InfoViewController.swift */,
				335DD3B62A32435400CFD5E8 /* AppTabBarController.swift */,
			);
			path = Controllers;
			sourceTree = "<group>";
		};
		332F64E92A3B469F00A82783 /* Managers */ = {
			isa = PBXGroup;
			children = (
				332F64EA2A3B46AE00A82783 /* NetworkManager.swift */,
			);
			path = Managers;
			sourceTree = "<group>";
		};
		335DD3AB2A3216FE00CFD5E8 /* Coordinators */ = {
			isa = PBXGroup;
			children = (
				335DD3AC2A32170E00CFD5E8 /* Coordinatable.swift */,
				335DD3B22A322EA500CFD5E8 /* FeedCoordinator.swift */,
				335DD3B82A324C3200CFD5E8 /* ProfileCoordinator.swift */,
				335DD3AE2A32174600CFD5E8 /* RootCoordinator.swift */,
				335DD3B02A322AC600CFD5E8 /* AppFactory.swift */,
			);
			path = Coordinators;
			sourceTree = "<group>";
		};
		336E7A8A29BA2E1900A61E27 /* Profile */ = {
			isa = PBXGroup;
			children = (
				336E7A8B29BA2E2800A61E27 /* ProfileHeaderView.swift */,
				336E7A8D29BA306700A61E27 /* ProfileViewController.swift */,
				3324CC6129D8544A00B10223 /* LogInViewController.swift */,
				3336B9AF29DF069F00C705CF /* PostTableViewCell.swift */,
				3364052129E59402001BF0D4 /* PhotosTableViewCell.swift */,
				3364052329E59B9B001BF0D4 /* PhotoImageView.swift */,
				33473B2929E725BF000A5D89 /* PhotosCollectionViewCell.swift */,
				3302CE2029ECB35A007A5225 /* PhotosViewController.swift */,
			);
			path = Profile;
			sourceTree = "<group>";
		};
		33AF924C29F422E6006FDDB1 /* StorageService */ = {
			isa = PBXGroup;
			children = (
				33AF924D29F422E6006FDDB1 /* StorageService.h */,
			);
			path = StorageService;
			sourceTree = "<group>";
		};
		33DCF27F29B75CD000E8A280 /* Views */ = {
			isa = PBXGroup;
			children = (
				330373D729B3BD8000C65FA4 /* LaunchScreen.storyboard */,
				333CAF202A1BEB1000D0EF5D /* CustomButton.swift */,
			);
			path = Views;
			sourceTree = "<group>";
		};
		33DCF28029B75CF100E8A280 /* Model */ = {
			isa = PBXGroup;
			children = (
				33DCF28129B75CFA00E8A280 /* Post.swift */,
				336838A22A14D006001D1F34 /* LoginFactory.swift */,
				3342EB432A042C4700ED7BE3 /* User.swift */,
				335C0B3F29ED5B5F004E3FBA /* Photo.swift */,
				335C0B4129ED8DCA004E3FBA /* Constants.swift */,
				3304C5E82A0A2B2500D0E71F /* Checker.swift */,
				333326232A0B8D1B00D03258 /* LoginInspector.swift */,
				3399DF552A20F3030079E26E /* FeedModel.swift */,
				335DD3B42A32350500CFD5E8 /* Module.swift */,
				332C9CD72A24FEEE00D19D13 /* ProfileViewModel.swift */,
				3323942E2A374D9400A4A94A /* LoginViewModel.swift */,
			);
			path = Model;
			sourceTree = "<group>";
		};
		ECCB7178B77B2371C188056F /* Pods */ = {
			isa = PBXGroup;
			children = (
			);
			path = Pods;
			sourceTree = "<group>";
		};
/* End PBXGroup section */

/* Begin PBXHeadersBuildPhase section */
		33AF924629F422E6006FDDB1 /* Headers */ = {
			isa = PBXHeadersBuildPhase;
			buildActionMask = 2147483647;
			files = (
				33AF924E29F422E6006FDDB1 /* StorageService.h in Headers */,
			);
			runOnlyForDeploymentPostprocessing = 0;
		};
/* End PBXHeadersBuildPhase section */

/* Begin PBXNativeTarget section */
		330373C829B3BD7F00C65FA4 /* Navigation */ = {
			isa = PBXNativeTarget;
			buildConfigurationList = 330373DD29B3BD8000C65FA4 /* Build configuration list for PBXNativeTarget "Navigation" */;
			buildPhases = (
				330373C529B3BD7F00C65FA4 /* Sources */,
				330373C629B3BD7F00C65FA4 /* Frameworks */,
				330373C729B3BD7F00C65FA4 /* Resources */,
				33AF925229F422E6006FDDB1 /* Embed Frameworks */,
			);
			buildRules = (
			);
			dependencies = (
				33AF925029F422E6006FDDB1 /* PBXTargetDependency */,
			);
			name = Navigation;
			packageProductDependencies = (
				3342EB412A042C1200ED7BE3 /* SnapKit */,
				332D7F012A1663D400F40F20 /* iOSIntPackage */,
			);
			productName = Navigation;
			productReference = 330373C929B3BD7F00C65FA4 /* Navigation.app */;
			productType = "com.apple.product-type.application";
		};
		33AF924A29F422E6006FDDB1 /* StorageService */ = {
			isa = PBXNativeTarget;
			buildConfigurationList = 33AF925629F422E6006FDDB1 /* Build configuration list for PBXNativeTarget "StorageService" */;
			buildPhases = (
				33AF924629F422E6006FDDB1 /* Headers */,
				33AF924729F422E6006FDDB1 /* Sources */,
				33AF924829F422E6006FDDB1 /* Frameworks */,
				33AF924929F422E6006FDDB1 /* Resources */,
			);
			buildRules = (
			);
			dependencies = (
			);
			name = StorageService;
			productName = StorageService;
			productReference = 33AF924B29F422E6006FDDB1 /* StorageService.framework */;
			productType = "com.apple.product-type.framework";
		};
/* End PBXNativeTarget section */

/* Begin PBXProject section */
		330373C129B3BD7F00C65FA4 /* Project object */ = {
			isa = PBXProject;
			attributes = {
				BuildIndependentTargetsInParallel = 1;
				LastSwiftUpdateCheck = 1430;
				LastUpgradeCheck = 1430;
				TargetAttributes = {
					330373C829B3BD7F00C65FA4 = {
						CreatedOnToolsVersion = 14.3;
					};
					33AF924A29F422E6006FDDB1 = {
						CreatedOnToolsVersion = 14.3;
					};
				};
			};
			buildConfigurationList = 330373C429B3BD7F00C65FA4 /* Build configuration list for PBXProject "Navigation" */;
			compatibilityVersion = "Xcode 14.0";
			developmentRegion = en;
			hasScannedForEncodings = 0;
			knownRegions = (
				en,
				Base,
			);
			mainGroup = 330373C029B3BD7F00C65FA4;
			packageReferences = (
				3342EB402A042C1200ED7BE3 /* XCRemoteSwiftPackageReference "SnapKit" */,
				332D7F002A1663D400F40F20 /* XCRemoteSwiftPackageReference "iOSIntPackage" */,
			);
			productRefGroup = 330373CA29B3BD7F00C65FA4 /* Products */;
			projectDirPath = "";
			projectRoot = "";
			targets = (
				330373C829B3BD7F00C65FA4 /* Navigation */,
				33AF924A29F422E6006FDDB1 /* StorageService */,
			);
		};
/* End PBXProject section */

/* Begin PBXResourcesBuildPhase section */
		330373C729B3BD7F00C65FA4 /* Resources */ = {
			isa = PBXResourcesBuildPhase;
			buildActionMask = 2147483647;
			files = (
				33B0799629C0D57100C1D22E /* cat.jpg in Resources */,
				330373D929B3BD8000C65FA4 /* LaunchScreen.storyboard in Resources */,
				330373D629B3BD8000C65FA4 /* Assets.xcassets in Resources */,
			);
			runOnlyForDeploymentPostprocessing = 0;
		};
		33AF924929F422E6006FDDB1 /* Resources */ = {
			isa = PBXResourcesBuildPhase;
			buildActionMask = 2147483647;
			files = (
			);
			runOnlyForDeploymentPostprocessing = 0;
		};
/* End PBXResourcesBuildPhase section */

/* Begin PBXSourcesBuildPhase section */
		330373C529B3BD7F00C65FA4 /* Sources */ = {
			isa = PBXSourcesBuildPhase;
			buildActionMask = 2147483647;
			files = (
				330373E829B3C7A800C65FA4 /* PostViewController.swift in Sources */,
				3304C5E92A0A2B2500D0E71F /* Checker.swift in Sources */,
				3302CE2129ECB35A007A5225 /* PhotosViewController.swift in Sources */,
				335DD3B72A32435400CFD5E8 /* AppTabBarController.swift in Sources */,
				336E7A8E29BA306700A61E27 /* ProfileViewController.swift in Sources */,
				3399DF562A20F3030079E26E /* FeedModel.swift in Sources */,
				335DD3B52A32350500CFD5E8 /* Module.swift in Sources */,
				3324CC6229D8544A00B10223 /* LogInViewController.swift in Sources */,
				332C9CD82A24FEEE00D19D13 /* ProfileViewModel.swift in Sources */,
				335DD3B92A324C3200CFD5E8 /* ProfileCoordinator.swift in Sources */,
				3364052429E59B9B001BF0D4 /* PhotoImageView.swift in Sources */,
				330373CD29B3BD7F00C65FA4 /* AppDelegate.swift in Sources */,
				333326242A0B8D1B00D03258 /* LoginInspector.swift in Sources */,
				335DD3AF2A32174600CFD5E8 /* RootCoordinator.swift in Sources */,
				336838A32A14D006001D1F34 /* LoginFactory.swift in Sources */,
				330373E429B3C78000C65FA4 /* FeedViewController.swift in Sources */,
				336E7A8C29BA2E2800A61E27 /* ProfileHeaderView.swift in Sources */,
				3323942F2A374D9400A4A94A /* LoginViewModel.swift in Sources */,
				33B0799829C0E90C00C1D22E /* Extensions.swift in Sources */,
				335C0B4029ED5B5F004E3FBA /* Photo.swift in Sources */,
				332F64EB2A3B46AE00A82783 /* NetworkManager.swift in Sources */,
				33473B2A29E725BF000A5D89 /* PhotosCollectionViewCell.swift in Sources */,
				3364052229E59402001BF0D4 /* PhotosTableViewCell.swift in Sources */,
				33DCF28429B761B500E8A280 /* InfoViewController.swift in Sources */,
				3342EB442A042C4700ED7BE3 /* User.swift in Sources */,
				335DD3B12A322AC600CFD5E8 /* AppFactory.swift in Sources */,
				333CAF212A1BEB1000D0EF5D /* CustomButton.swift in Sources */,
				330373CF29B3BD7F00C65FA4 /* SceneDelegate.swift in Sources */,
				335DD3B32A322EA500CFD5E8 /* FeedCoordinator.swift in Sources */,
				335DD3AD2A32170E00CFD5E8 /* Coordinatable.swift in Sources */,
				3336B9B029DF069F00C705CF /* PostTableViewCell.swift in Sources */,
				335C0B4229ED8DCA004E3FBA /* Constants.swift in Sources */,
			);
			runOnlyForDeploymentPostprocessing = 0;
		};
		33AF924729F422E6006FDDB1 /* Sources */ = {
			isa = PBXSourcesBuildPhase;
			buildActionMask = 2147483647;
			files = (
				33AF925729F422FF006FDDB1 /* Post.swift in Sources */,
			);
			runOnlyForDeploymentPostprocessing = 0;
		};
/* End PBXSourcesBuildPhase section */

/* Begin PBXTargetDependency section */
		33AF925029F422E6006FDDB1 /* PBXTargetDependency */ = {
			isa = PBXTargetDependency;
			target = 33AF924A29F422E6006FDDB1 /* StorageService */;
			targetProxy = 33AF924F29F422E6006FDDB1 /* PBXContainerItemProxy */;
		};
/* End PBXTargetDependency section */

/* Begin PBXVariantGroup section */
		330373D729B3BD8000C65FA4 /* LaunchScreen.storyboard */ = {
			isa = PBXVariantGroup;
			children = (
				330373D829B3BD8000C65FA4 /* Base */,
			);
			name = LaunchScreen.storyboard;
			sourceTree = "<group>";
		};
/* End PBXVariantGroup section */

/* Begin XCBuildConfiguration section */
		330373DB29B3BD8000C65FA4 /* Debug */ = {
			isa = XCBuildConfiguration;
			buildSettings = {
				ALWAYS_SEARCH_USER_PATHS = NO;
				CLANG_ANALYZER_NONNULL = YES;
				CLANG_ANALYZER_NUMBER_OBJECT_CONVERSION = YES_AGGRESSIVE;
				CLANG_CXX_LANGUAGE_STANDARD = "gnu++20";
				CLANG_ENABLE_MODULES = YES;
				CLANG_ENABLE_OBJC_ARC = YES;
				CLANG_ENABLE_OBJC_WEAK = YES;
				CLANG_WARN_BLOCK_CAPTURE_AUTORELEASING = YES;
				CLANG_WARN_BOOL_CONVERSION = YES;
				CLANG_WARN_COMMA = YES;
				CLANG_WARN_CONSTANT_CONVERSION = YES;
				CLANG_WARN_DEPRECATED_OBJC_IMPLEMENTATIONS = YES;
				CLANG_WARN_DIRECT_OBJC_ISA_USAGE = YES_ERROR;
				CLANG_WARN_DOCUMENTATION_COMMENTS = YES;
				CLANG_WARN_EMPTY_BODY = YES;
				CLANG_WARN_ENUM_CONVERSION = YES;
				CLANG_WARN_INFINITE_RECURSION = YES;
				CLANG_WARN_INT_CONVERSION = YES;
				CLANG_WARN_NON_LITERAL_NULL_CONVERSION = YES;
				CLANG_WARN_OBJC_IMPLICIT_RETAIN_SELF = YES;
				CLANG_WARN_OBJC_LITERAL_CONVERSION = YES;
				CLANG_WARN_OBJC_ROOT_CLASS = YES_ERROR;
				CLANG_WARN_QUOTED_INCLUDE_IN_FRAMEWORK_HEADER = YES;
				CLANG_WARN_RANGE_LOOP_ANALYSIS = YES;
				CLANG_WARN_STRICT_PROTOTYPES = YES;
				CLANG_WARN_SUSPICIOUS_MOVE = YES;
				CLANG_WARN_UNGUARDED_AVAILABILITY = YES_AGGRESSIVE;
				CLANG_WARN_UNREACHABLE_CODE = YES;
				CLANG_WARN__DUPLICATE_METHOD_MATCH = YES;
				COPY_PHASE_STRIP = NO;
				DEBUG_INFORMATION_FORMAT = dwarf;
				ENABLE_STRICT_OBJC_MSGSEND = YES;
				ENABLE_TESTABILITY = YES;
				GCC_C_LANGUAGE_STANDARD = gnu11;
				GCC_DYNAMIC_NO_PIC = NO;
				GCC_NO_COMMON_BLOCKS = YES;
				GCC_OPTIMIZATION_LEVEL = 0;
				GCC_PREPROCESSOR_DEFINITIONS = (
					"DEBUG=1",
					"$(inherited)",
				);
				GCC_WARN_64_TO_32_BIT_CONVERSION = YES;
				GCC_WARN_ABOUT_RETURN_TYPE = YES_ERROR;
				GCC_WARN_UNDECLARED_SELECTOR = YES;
				GCC_WARN_UNINITIALIZED_AUTOS = YES_AGGRESSIVE;
				GCC_WARN_UNUSED_FUNCTION = YES;
				GCC_WARN_UNUSED_VARIABLE = YES;
				IPHONEOS_DEPLOYMENT_TARGET = 16.4;
				MTL_ENABLE_DEBUG_INFO = INCLUDE_SOURCE;
				MTL_FAST_MATH = YES;
				ONLY_ACTIVE_ARCH = YES;
				SDKROOT = iphoneos;
				SWIFT_ACTIVE_COMPILATION_CONDITIONS = DEBUG;
				SWIFT_OPTIMIZATION_LEVEL = "-Onone";
			};
			name = Debug;
		};
		330373DC29B3BD8000C65FA4 /* Release */ = {
			isa = XCBuildConfiguration;
			buildSettings = {
				ALWAYS_SEARCH_USER_PATHS = NO;
				CLANG_ANALYZER_NONNULL = YES;
				CLANG_ANALYZER_NUMBER_OBJECT_CONVERSION = YES_AGGRESSIVE;
				CLANG_CXX_LANGUAGE_STANDARD = "gnu++20";
				CLANG_ENABLE_MODULES = YES;
				CLANG_ENABLE_OBJC_ARC = YES;
				CLANG_ENABLE_OBJC_WEAK = YES;
				CLANG_WARN_BLOCK_CAPTURE_AUTORELEASING = YES;
				CLANG_WARN_BOOL_CONVERSION = YES;
				CLANG_WARN_COMMA = YES;
				CLANG_WARN_CONSTANT_CONVERSION = YES;
				CLANG_WARN_DEPRECATED_OBJC_IMPLEMENTATIONS = YES;
				CLANG_WARN_DIRECT_OBJC_ISA_USAGE = YES_ERROR;
				CLANG_WARN_DOCUMENTATION_COMMENTS = YES;
				CLANG_WARN_EMPTY_BODY = YES;
				CLANG_WARN_ENUM_CONVERSION = YES;
				CLANG_WARN_INFINITE_RECURSION = YES;
				CLANG_WARN_INT_CONVERSION = YES;
				CLANG_WARN_NON_LITERAL_NULL_CONVERSION = YES;
				CLANG_WARN_OBJC_IMPLICIT_RETAIN_SELF = YES;
				CLANG_WARN_OBJC_LITERAL_CONVERSION = YES;
				CLANG_WARN_OBJC_ROOT_CLASS = YES_ERROR;
				CLANG_WARN_QUOTED_INCLUDE_IN_FRAMEWORK_HEADER = YES;
				CLANG_WARN_RANGE_LOOP_ANALYSIS = YES;
				CLANG_WARN_STRICT_PROTOTYPES = YES;
				CLANG_WARN_SUSPICIOUS_MOVE = YES;
				CLANG_WARN_UNGUARDED_AVAILABILITY = YES_AGGRESSIVE;
				CLANG_WARN_UNREACHABLE_CODE = YES;
				CLANG_WARN__DUPLICATE_METHOD_MATCH = YES;
				COPY_PHASE_STRIP = NO;
				DEBUG_INFORMATION_FORMAT = "dwarf-with-dsym";
				ENABLE_NS_ASSERTIONS = NO;
				ENABLE_STRICT_OBJC_MSGSEND = YES;
				GCC_C_LANGUAGE_STANDARD = gnu11;
				GCC_NO_COMMON_BLOCKS = YES;
				GCC_WARN_64_TO_32_BIT_CONVERSION = YES;
				GCC_WARN_ABOUT_RETURN_TYPE = YES_ERROR;
				GCC_WARN_UNDECLARED_SELECTOR = YES;
				GCC_WARN_UNINITIALIZED_AUTOS = YES_AGGRESSIVE;
				GCC_WARN_UNUSED_FUNCTION = YES;
				GCC_WARN_UNUSED_VARIABLE = YES;
				IPHONEOS_DEPLOYMENT_TARGET = 16.4;
				MTL_ENABLE_DEBUG_INFO = NO;
				MTL_FAST_MATH = YES;
				SDKROOT = iphoneos;
				SWIFT_COMPILATION_MODE = wholemodule;
				SWIFT_OPTIMIZATION_LEVEL = "-O";
				VALIDATE_PRODUCT = YES;
			};
			name = Release;
		};
		330373DE29B3BD8000C65FA4 /* Debug */ = {
			isa = XCBuildConfiguration;
			buildSettings = {
				ALWAYS_EMBED_SWIFT_STANDARD_LIBRARIES = YES;
				ASSETCATALOG_COMPILER_APPICON_NAME = AppIcon;
				ASSETCATALOG_COMPILER_GLOBAL_ACCENT_COLOR_NAME = AccentColor;
				CODE_SIGN_STYLE = Automatic;
				CURRENT_PROJECT_VERSION = 1;
				DEVELOPMENT_TEAM = DMR9X2FT85;
				GENERATE_INFOPLIST_FILE = YES;
				INFOPLIST_FILE = Navigation/Info.plist;
				INFOPLIST_KEY_UIApplicationSupportsIndirectInputEvents = YES;
				INFOPLIST_KEY_UILaunchStoryboardName = LaunchScreen;
				INFOPLIST_KEY_UISupportedInterfaceOrientations = UIInterfaceOrientationPortrait;
				INFOPLIST_KEY_UISupportedInterfaceOrientations_iPad = "UIInterfaceOrientationLandscapeLeft UIInterfaceOrientationLandscapeRight UIInterfaceOrientationPortrait UIInterfaceOrientationPortraitUpsideDown";
				IPHONEOS_DEPLOYMENT_TARGET = 15.0;
				LD_RUNPATH_SEARCH_PATHS = (
					"$(inherited)",
					"@executable_path/Frameworks",
				);
				MARKETING_VERSION = 1.0;
				PRODUCT_BUNDLE_IDENTIFIER = mayiosdev.study.Navigation;
				PRODUCT_NAME = "$(TARGET_NAME)";
				SUPPORTED_PLATFORMS = "iphoneos iphonesimulator";
				SUPPORTS_MACCATALYST = NO;
				SUPPORTS_MAC_DESIGNED_FOR_IPHONE_IPAD = NO;
				SWIFT_EMIT_LOC_STRINGS = YES;
				SWIFT_VERSION = 5.0;
				TARGETED_DEVICE_FAMILY = 1;
			};
			name = Debug;
		};
		330373DF29B3BD8000C65FA4 /* Release */ = {
			isa = XCBuildConfiguration;
			buildSettings = {
				ALWAYS_EMBED_SWIFT_STANDARD_LIBRARIES = YES;
				ASSETCATALOG_COMPILER_APPICON_NAME = AppIcon;
				ASSETCATALOG_COMPILER_GLOBAL_ACCENT_COLOR_NAME = AccentColor;
				CODE_SIGN_STYLE = Automatic;
				CURRENT_PROJECT_VERSION = 1;
				DEVELOPMENT_TEAM = DMR9X2FT85;
				GENERATE_INFOPLIST_FILE = YES;
				INFOPLIST_FILE = Navigation/Info.plist;
				INFOPLIST_KEY_UIApplicationSupportsIndirectInputEvents = YES;
				INFOPLIST_KEY_UILaunchStoryboardName = LaunchScreen;
				INFOPLIST_KEY_UISupportedInterfaceOrientations = UIInterfaceOrientationPortrait;
				INFOPLIST_KEY_UISupportedInterfaceOrientations_iPad = "UIInterfaceOrientationLandscapeLeft UIInterfaceOrientationLandscapeRight UIInterfaceOrientationPortrait UIInterfaceOrientationPortraitUpsideDown";
				IPHONEOS_DEPLOYMENT_TARGET = 15.0;
				LD_RUNPATH_SEARCH_PATHS = (
					"$(inherited)",
					"@executable_path/Frameworks",
				);
				MARKETING_VERSION = 1.0;
				PRODUCT_BUNDLE_IDENTIFIER = mayiosdev.study.Navigation;
				PRODUCT_NAME = "$(TARGET_NAME)";
				SUPPORTED_PLATFORMS = "iphoneos iphonesimulator";
				SUPPORTS_MACCATALYST = NO;
				SUPPORTS_MAC_DESIGNED_FOR_IPHONE_IPAD = NO;
				SWIFT_EMIT_LOC_STRINGS = YES;
				SWIFT_VERSION = 5.0;
				TARGETED_DEVICE_FAMILY = 1;
			};
			name = Release;
		};
		33AF925429F422E6006FDDB1 /* Debug */ = {
			isa = XCBuildConfiguration;
			buildSettings = {
				CODE_SIGN_STYLE = Automatic;
				CURRENT_PROJECT_VERSION = 1;
				DEFINES_MODULE = YES;
				DEVELOPMENT_TEAM = DMR9X2FT85;
				DYLIB_COMPATIBILITY_VERSION = 1;
				DYLIB_CURRENT_VERSION = 1;
				DYLIB_INSTALL_NAME_BASE = "@rpath";
				ENABLE_MODULE_VERIFIER = YES;
				GENERATE_INFOPLIST_FILE = YES;
				INFOPLIST_KEY_NSHumanReadableCopyright = "";
				INSTALL_PATH = "$(LOCAL_LIBRARY_DIR)/Frameworks";
				IPHONEOS_DEPLOYMENT_TARGET = 15.0;
				LD_RUNPATH_SEARCH_PATHS = (
					"$(inherited)",
					"@executable_path/Frameworks",
					"@loader_path/Frameworks",
				);
				MARKETING_VERSION = 1.0;
				MODULE_VERIFIER_SUPPORTED_LANGUAGES = "objective-c objective-c++";
				MODULE_VERIFIER_SUPPORTED_LANGUAGE_STANDARDS = "gnu11 gnu++20";
				PRODUCT_BUNDLE_IDENTIFIER = mayiosdev.study.StorageService;
				PRODUCT_NAME = "$(TARGET_NAME:c99extidentifier)";
				SKIP_INSTALL = YES;
				SWIFT_EMIT_LOC_STRINGS = YES;
				SWIFT_VERSION = 5.0;
				TARGETED_DEVICE_FAMILY = "1,2";
				VERSIONING_SYSTEM = "apple-generic";
				VERSION_INFO_PREFIX = "";
			};
			name = Debug;
		};
		33AF925529F422E6006FDDB1 /* Release */ = {
			isa = XCBuildConfiguration;
			buildSettings = {
				CODE_SIGN_STYLE = Automatic;
				CURRENT_PROJECT_VERSION = 1;
				DEFINES_MODULE = YES;
				DEVELOPMENT_TEAM = DMR9X2FT85;
				DYLIB_COMPATIBILITY_VERSION = 1;
				DYLIB_CURRENT_VERSION = 1;
				DYLIB_INSTALL_NAME_BASE = "@rpath";
				ENABLE_MODULE_VERIFIER = YES;
				GENERATE_INFOPLIST_FILE = YES;
				INFOPLIST_KEY_NSHumanReadableCopyright = "";
				INSTALL_PATH = "$(LOCAL_LIBRARY_DIR)/Frameworks";
				IPHONEOS_DEPLOYMENT_TARGET = 15.0;
				LD_RUNPATH_SEARCH_PATHS = (
					"$(inherited)",
					"@executable_path/Frameworks",
					"@loader_path/Frameworks",
				);
				MARKETING_VERSION = 1.0;
				MODULE_VERIFIER_SUPPORTED_LANGUAGES = "objective-c objective-c++";
				MODULE_VERIFIER_SUPPORTED_LANGUAGE_STANDARDS = "gnu11 gnu++20";
				PRODUCT_BUNDLE_IDENTIFIER = mayiosdev.study.StorageService;
				PRODUCT_NAME = "$(TARGET_NAME:c99extidentifier)";
				SKIP_INSTALL = YES;
				SWIFT_EMIT_LOC_STRINGS = YES;
				SWIFT_VERSION = 5.0;
				TARGETED_DEVICE_FAMILY = "1,2";
				VERSIONING_SYSTEM = "apple-generic";
				VERSION_INFO_PREFIX = "";
			};
			name = Release;
		};
/* End XCBuildConfiguration section */

/* Begin XCConfigurationList section */
		330373C429B3BD7F00C65FA4 /* Build configuration list for PBXProject "Navigation" */ = {
			isa = XCConfigurationList;
			buildConfigurations = (
				330373DB29B3BD8000C65FA4 /* Debug */,
				330373DC29B3BD8000C65FA4 /* Release */,
			);
			defaultConfigurationIsVisible = 0;
			defaultConfigurationName = Release;
		};
		330373DD29B3BD8000C65FA4 /* Build configuration list for PBXNativeTarget "Navigation" */ = {
			isa = XCConfigurationList;
			buildConfigurations = (
				330373DE29B3BD8000C65FA4 /* Debug */,
				330373DF29B3BD8000C65FA4 /* Release */,
			);
			defaultConfigurationIsVisible = 0;
			defaultConfigurationName = Release;
		};
		33AF925629F422E6006FDDB1 /* Build configuration list for PBXNativeTarget "StorageService" */ = {
			isa = XCConfigurationList;
			buildConfigurations = (
				33AF925429F422E6006FDDB1 /* Debug */,
				33AF925529F422E6006FDDB1 /* Release */,
			);
			defaultConfigurationIsVisible = 0;
			defaultConfigurationName = Release;
		};
/* End XCConfigurationList section */

/* Begin XCRemoteSwiftPackageReference section */
		332D7F002A1663D400F40F20 /* XCRemoteSwiftPackageReference "iOSIntPackage" */ = {
			isa = XCRemoteSwiftPackageReference;
			repositoryURL = "https://github.com/TrueMax/iOSIntPackage";
			requirement = {
				branch = imagepublisher;
				kind = branch;
			};
		};
		3342EB402A042C1200ED7BE3 /* XCRemoteSwiftPackageReference "SnapKit" */ = {
			isa = XCRemoteSwiftPackageReference;
			repositoryURL = "https://github.com/SnapKit/SnapKit";
			requirement = {
				kind = upToNextMajorVersion;
				minimumVersion = 5.0.0;
			};
		};
/* End XCRemoteSwiftPackageReference section */

/* Begin XCSwiftPackageProductDependency section */
		332D7F012A1663D400F40F20 /* iOSIntPackage */ = {
			isa = XCSwiftPackageProductDependency;
			package = 332D7F002A1663D400F40F20 /* XCRemoteSwiftPackageReference "iOSIntPackage" */;
			productName = iOSIntPackage;
		};
		3342EB412A042C1200ED7BE3 /* SnapKit */ = {
			isa = XCSwiftPackageProductDependency;
			package = 3342EB402A042C1200ED7BE3 /* XCRemoteSwiftPackageReference "SnapKit" */;
			productName = SnapKit;
		};
/* End XCSwiftPackageProductDependency section */
	};
	rootObject = 330373C129B3BD7F00C65FA4 /* Project object */;
}
